
Microsoft Visual Studio Solution File, Format Version 12.00
# Visual Studio Version 17
VisualStudioVersion = 17.13.35806.99 d17.13
MinimumVisualStudioVersion = 10.0.40219.1
Project("{FAE04EC0-301F-11D3-BF4B-00C04F79EFBC}") = "Aula002", "Aula002\Aula002.csproj", "{324EF3CF-A51F-4CA4-BA6E-3BB3FA134A8D}"
EndProject
Global
	GlobalSection(SolutionConfigurationPlatforms) = preSolution
		Debug|Any CPU = Debug|Any CPU
		Release|Any CPU = Release|Any CPU
	EndGlobalSection
	GlobalSection(ProjectConfigurationPlatforms) = postSolution
		{324EF3CF-A51F-4CA4-BA6E-3BB3FA134A8D}.Debug|Any CPU.ActiveCfg = Debug|Any CPU
		{324EF3CF-A51F-4CA4-BA6E-3BB3FA134A8D}.Debug|Any CPU.Build.0 = Debug|Any CPU
		{324EF3CF-A51F-4CA4-BA6E-3BB3FA134A8D}.Release|Any CPU.ActiveCfg = Release|Any CPU
		{324EF3CF-A51F-4CA4-BA6E-3BB3FA134A8D}.Release|Any CPU.Build.0 = Release|Any CPU
	EndGlobalSection
	GlobalSection(SolutionProperties) = preSolution
		HideSolutionNode = FALSE
	EndGlobalSection
	GlobalSection(ExtensibilityGlobals) = postSolution
		SolutionGuid = {92628735-FD95-413B-830F-8E7B54D0884A}
	EndGlobalSection
EndGlobal
