
Microsoft Visual Studio Solution File, Format Version 12.00
# Visual Studio Version 17
VisualStudioVersion = 17.13.35806.99 d17.13
MinimumVisualStudioVersion = 10.0.40219.1
Project("{FAE04EC0-301F-11D3-BF4B-00C04F79EFBC}") = "Aula004", "Aula004\Aula004.csproj", "{7CEDBF81-2C24-4293-BD82-C0655A52C47A}"
EndProject
Global
	GlobalSection(SolutionConfigurationPlatforms) = preSolution
		Debug|Any CPU = Debug|Any CPU
		Release|Any CPU = Release|Any CPU
	EndGlobalSection
	GlobalSection(ProjectConfigurationPlatforms) = postSolution
		{7CEDBF81-2C24-4293-BD82-C0655A52C47A}.Debug|Any CPU.ActiveCfg = Debug|Any CPU
		{7CEDBF81-2C24-4293-BD82-C0655A52C47A}.Debug|Any CPU.Build.0 = Debug|Any CPU
		{7CEDBF81-2C24-4293-BD82-C0655A52C47A}.Release|Any CPU.ActiveCfg = Release|Any CPU
		{7CEDBF81-2C24-4293-BD82-C0655A52C47A}.Release|Any CPU.Build.0 = Release|Any CPU
	EndGlobalSection
	GlobalSection(SolutionProperties) = preSolution
		HideSolutionNode = FALSE
	EndGlobalSection
	GlobalSection(ExtensibilityGlobals) = postSolution
		SolutionGuid = {B0081B0C-9C6A-4576-A3C0-D1A8025912A5}
	EndGlobalSection
EndGlobal
