
Microsoft Visual Studio Solution File, Format Version 12.00
# Visual Studio Version 17
VisualStudioVersion = 17.14.36310.24
MinimumVisualStudioVersion = 10.0.40219.1
Project("{FAE04EC0-301F-11D3-BF4B-00C04F79EFBC}") = "Aula001", "Aula001\Aula001.csproj", "{C622470F-BFAB-4DCA-BF90-7420E31CF7D8}"
EndProject
Project("{FAE04EC0-301F-11D3-BF4B-00C04F79EFBC}") = "Aula002", "Aula002\Aula002.csproj", "{D7D8949A-11F6-414E-ABF6-414A775F7681}"
EndProject
Project("{FAE04EC0-301F-11D3-BF4B-00C04F79EFBC}") = "Aula003", "Aula003\Aula003.csproj", "{20DAFB12-BA22-41DD-8A4E-C2E43D0767A6}"
EndProject
Project("{FAE04EC0-301F-11D3-BF4B-00C04F79EFBC}") = "Aula004", "Aula004\Aula004.csproj", "{359166F6-429A-45C2-9288-6E62BEC9E277}"
EndProject
Project("{FAE04EC0-301F-11D3-BF4B-00C04F79EFBC}") = "Ex001", "Exercicios\Ex001\Ex001.csproj", "{FE7927DD-0587-45D0-B6F6-A212A922B282}"
EndProject
Project("{FAE04EC0-301F-11D3-BF4B-00C04F79EFBC}") = "Ex002", "Exercicios\Ex002\Ex002.csproj", "{F1F81C3D-3AF5-4C15-A16D-0D7BD10C2F16}"
EndProject
Project("{FAE04EC0-301F-11D3-BF4B-00C04F79EFBC}") = "Aula005", "Aula005\Aula005.csproj", "{6C5BC2C2-831D-4263-B1C6-DF60C71FE4FB}"
EndProject
Project("{FAE04EC0-301F-11D3-BF4B-00C04F79EFBC}") = "Aula006", "Aula006\Aula006.csproj", "{19C6CE32-86CE-4237-9926-E5155144A20B}"
EndProject
Project("{FAE04EC0-301F-11D3-BF4B-00C04F79EFBC}") = "Aula007", "Aula007\Aula007.csproj", "{1AD75B00-082C-4294-B9B0-2F1F6AC3A4B7}"
EndProject
Project("{FAE04EC0-301F-11D3-BF4B-00C04F79EFBC}") = "Aula008", "Aula008\Aula008.csproj", "{A893586D-1AA9-431E-9128-10C23A1EDF65}"
EndProject
Global
	GlobalSection(SolutionConfigurationPlatforms) = preSolution
		Debug|Any CPU = Debug|Any CPU
		Release|Any CPU = Release|Any CPU
	EndGlobalSection
	GlobalSection(ProjectConfigurationPlatforms) = postSolution
		{C622470F-BFAB-4DCA-BF90-7420E31CF7D8}.Debug|Any CPU.ActiveCfg = Debug|Any CPU
		{C622470F-BFAB-4DCA-BF90-7420E31CF7D8}.Debug|Any CPU.Build.0 = Debug|Any CPU
		{C622470F-BFAB-4DCA-BF90-7420E31CF7D8}.Release|Any CPU.ActiveCfg = Release|Any CPU
		{C622470F-BFAB-4DCA-BF90-7420E31CF7D8}.Release|Any CPU.Build.0 = Release|Any CPU
		{D7D8949A-11F6-414E-ABF6-414A775F7681}.Debug|Any CPU.ActiveCfg = Debug|Any CPU
		{D7D8949A-11F6-414E-ABF6-414A775F7681}.Debug|Any CPU.Build.0 = Debug|Any CPU
		{D7D8949A-11F6-414E-ABF6-414A775F7681}.Release|Any CPU.ActiveCfg = Release|Any CPU
		{D7D8949A-11F6-414E-ABF6-414A775F7681}.Release|Any CPU.Build.0 = Release|Any CPU
		{20DAFB12-BA22-41DD-8A4E-C2E43D0767A6}.Debug|Any CPU.ActiveCfg = Debug|Any CPU
		{20DAFB12-BA22-41DD-8A4E-C2E43D0767A6}.Debug|Any CPU.Build.0 = Debug|Any CPU
		{20DAFB12-BA22-41DD-8A4E-C2E43D0767A6}.Release|Any CPU.ActiveCfg = Release|Any CPU
		{20DAFB12-BA22-41DD-8A4E-C2E43D0767A6}.Release|Any CPU.Build.0 = Release|Any CPU
		{359166F6-429A-45C2-9288-6E62BEC9E277}.Debug|Any CPU.ActiveCfg = Debug|Any CPU
		{359166F6-429A-45C2-9288-6E62BEC9E277}.Debug|Any CPU.Build.0 = Debug|Any CPU
		{359166F6-429A-45C2-9288-6E62BEC9E277}.Release|Any CPU.ActiveCfg = Release|Any CPU
		{359166F6-429A-45C2-9288-6E62BEC9E277}.Release|Any CPU.Build.0 = Release|Any CPU
		{FE7927DD-0587-45D0-B6F6-A212A922B282}.Debug|Any CPU.ActiveCfg = Debug|Any CPU
		{FE7927DD-0587-45D0-B6F6-A212A922B282}.Debug|Any CPU.Build.0 = Debug|Any CPU
		{FE7927DD-0587-45D0-B6F6-A212A922B282}.Release|Any CPU.ActiveCfg = Release|Any CPU
		{FE7927DD-0587-45D0-B6F6-A212A922B282}.Release|Any CPU.Build.0 = Release|Any CPU
		{F1F81C3D-3AF5-4C15-A16D-0D7BD10C2F16}.Debug|Any CPU.ActiveCfg = Debug|Any CPU
		{F1F81C3D-3AF5-4C15-A16D-0D7BD10C2F16}.Debug|Any CPU.Build.0 = Debug|Any CPU
		{F1F81C3D-3AF5-4C15-A16D-0D7BD10C2F16}.Release|Any CPU.ActiveCfg = Release|Any CPU
		{F1F81C3D-3AF5-4C15-A16D-0D7BD10C2F16}.Release|Any CPU.Build.0 = Release|Any CPU
		{6C5BC2C2-831D-4263-B1C6-DF60C71FE4FB}.Debug|Any CPU.ActiveCfg = Debug|Any CPU
		{6C5BC2C2-831D-4263-B1C6-DF60C71FE4FB}.Debug|Any CPU.Build.0 = Debug|Any CPU
		{6C5BC2C2-831D-4263-B1C6-DF60C71FE4FB}.Release|Any CPU.ActiveCfg = Release|Any CPU
		{6C5BC2C2-831D-4263-B1C6-DF60C71FE4FB}.Release|Any CPU.Build.0 = Release|Any CPU
		{19C6CE32-86CE-4237-9926-E5155144A20B}.Debug|Any CPU.ActiveCfg = Debug|Any CPU
		{19C6CE32-86CE-4237-9926-E5155144A20B}.Debug|Any CPU.Build.0 = Debug|Any CPU
		{19C6CE32-86CE-4237-9926-E5155144A20B}.Release|Any CPU.ActiveCfg = Release|Any CPU
		{19C6CE32-86CE-4237-9926-E5155144A20B}.Release|Any CPU.Build.0 = Release|Any CPU
		{1AD75B00-082C-4294-B9B0-2F1F6AC3A4B7}.Debug|Any CPU.ActiveCfg = Debug|Any CPU
		{1AD75B00-082C-4294-B9B0-2F1F6AC3A4B7}.Debug|Any CPU.Build.0 = Debug|Any CPU
		{1AD75B00-082C-4294-B9B0-2F1F6AC3A4B7}.Release|Any CPU.ActiveCfg = Release|Any CPU
		{1AD75B00-082C-4294-B9B0-2F1F6AC3A4B7}.Release|Any CPU.Build.0 = Release|Any CPU
		{A893586D-1AA9-431E-9128-10C23A1EDF65}.Debug|Any CPU.ActiveCfg = Debug|Any CPU
		{A893586D-1AA9-431E-9128-10C23A1EDF65}.Debug|Any CPU.Build.0 = Debug|Any CPU
		{A893586D-1AA9-431E-9128-10C23A1EDF65}.Release|Any CPU.ActiveCfg = Release|Any CPU
		{A893586D-1AA9-431E-9128-10C23A1EDF65}.Release|Any CPU.Build.0 = Release|Any CPU
	EndGlobalSection
	GlobalSection(SolutionProperties) = preSolution
		HideSolutionNode = FALSE
	EndGlobalSection
	GlobalSection(ExtensibilityGlobals) = postSolution
		SolutionGuid = {6095F04A-52E6-4C34-A69C-89B71AEAA847}
	EndGlobalSection
EndGlobal
