
Microsoft Visual Studio Solution File, Format Version 12.00
# Visual Studio Version 17
VisualStudioVersion = 17.13.35828.75 d17.13
MinimumVisualStudioVersion = 10.0.40219.1
Project("{FAE04EC0-301F-11D3-BF4B-00C04F79EFBC}") = "Aulas008", "Aulas008\Aulas008.csproj", "{1728C70B-CA8E-47FC-B9EF-581A5A188D3D}"
EndProject
Global
	GlobalSection(SolutionConfigurationPlatforms) = preSolution
		Debug|Any CPU = Debug|Any CPU
		Release|Any CPU = Release|Any CPU
	EndGlobalSection
	GlobalSection(ProjectConfigurationPlatforms) = postSolution
		{1728C70B-CA8E-47FC-B9EF-581A5A188D3D}.Debug|Any CPU.ActiveCfg = Debug|Any CPU
		{1728C70B-CA8E-47FC-B9EF-581A5A188D3D}.Debug|Any CPU.Build.0 = Debug|Any CPU
		{1728C70B-CA8E-47FC-B9EF-581A5A188D3D}.Release|Any CPU.ActiveCfg = Release|Any CPU
		{1728C70B-CA8E-47FC-B9EF-581A5A188D3D}.Release|Any CPU.Build.0 = Release|Any CPU
	EndGlobalSection
	GlobalSection(SolutionProperties) = preSolution
		HideSolutionNode = FALSE
	EndGlobalSection
	GlobalSection(ExtensibilityGlobals) = postSolution
		SolutionGuid = {079DFDCE-DC65-48AD-B296-4F76CDB6E59C}
	EndGlobalSection
EndGlobal
