
Microsoft Visual Studio Solution File, Format Version 12.00
# Visual Studio Version 17
VisualStudioVersion = 17.13.35806.99 d17.13
MinimumVisualStudioVersion = 10.0.40219.1
Project("{FAE04EC0-301F-11D3-BF4B-00C04F79EFBC}") = "Aula005", "Aula005\Aula005.csproj", "{BF6B7865-AEA2-40ED-A611-55794712FEDD}"
EndProject
Global
	GlobalSection(SolutionConfigurationPlatforms) = preSolution
		Debug|Any CPU = Debug|Any CPU
		Release|Any CPU = Release|Any CPU
	EndGlobalSection
	GlobalSection(ProjectConfigurationPlatforms) = postSolution
		{BF6B7865-AEA2-40ED-A611-55794712FEDD}.Debug|Any CPU.ActiveCfg = Debug|Any CPU
		{BF6B7865-AEA2-40ED-A611-55794712FEDD}.Debug|Any CPU.Build.0 = Debug|Any CPU
		{BF6B7865-AEA2-40ED-A611-55794712FEDD}.Release|Any CPU.ActiveCfg = Release|Any CPU
		{BF6B7865-AEA2-40ED-A611-55794712FEDD}.Release|Any CPU.Build.0 = Release|Any CPU
	EndGlobalSection
	GlobalSection(SolutionProperties) = preSolution
		HideSolutionNode = FALSE
	EndGlobalSection
	GlobalSection(ExtensibilityGlobals) = postSolution
		SolutionGuid = {C60DAEDE-541F-422E-BD82-87A8F909DEEA}
	EndGlobalSection
EndGlobal
