
Microsoft Visual Studio Solution File, Format Version 12.00
# Visual Studio Version 17
VisualStudioVersion = 17.13.35825.156 d17.13
MinimumVisualStudioVersion = 10.0.40219.1
Project("{FAE04EC0-301F-11D3-BF4B-00C04F79EFBC}") = "ex003", "ex003\ex003.csproj", "{FB9CD899-BC6B-4905-B1A3-613E6055E615}"
EndProject
Global
	GlobalSection(SolutionConfigurationPlatforms) = preSolution
		Debug|Any CPU = Debug|Any CPU
		Release|Any CPU = Release|Any CPU
	EndGlobalSection
	GlobalSection(ProjectConfigurationPlatforms) = postSolution
		{FB9CD899-BC6B-4905-B1A3-613E6055E615}.Debug|Any CPU.ActiveCfg = Debug|Any CPU
		{FB9CD899-BC6B-4905-B1A3-613E6055E615}.Debug|Any CPU.Build.0 = Debug|Any CPU
		{FB9CD899-BC6B-4905-B1A3-613E6055E615}.Release|Any CPU.ActiveCfg = Release|Any CPU
		{FB9CD899-BC6B-4905-B1A3-613E6055E615}.Release|Any CPU.Build.0 = Release|Any CPU
	EndGlobalSection
	GlobalSection(SolutionProperties) = preSolution
		HideSolutionNode = FALSE
	EndGlobalSection
	GlobalSection(ExtensibilityGlobals) = postSolution
		SolutionGuid = {F0DA0446-4807-4943-B555-4EF8846C3574}
	EndGlobalSection
EndGlobal
