
Microsoft Visual Studio Solution File, Format Version 12.00
# Visual Studio Version 17
VisualStudioVersion = 17.13.35806.99 d17.13
MinimumVisualStudioVersion = 10.0.40219.1
Project("{FAE04EC0-301F-11D3-BF4B-00C04F79EFBC}") = "ex005", "ex005\ex005.csproj", "{B4D9C36D-11F2-4915-A11B-5A05A99A833C}"
EndProject
Global
	GlobalSection(SolutionConfigurationPlatforms) = preSolution
		Debug|Any CPU = Debug|Any CPU
		Release|Any CPU = Release|Any CPU
	EndGlobalSection
	GlobalSection(ProjectConfigurationPlatforms) = postSolution
		{B4D9C36D-11F2-4915-A11B-5A05A99A833C}.Debug|Any CPU.ActiveCfg = Debug|Any CPU
		{B4D9C36D-11F2-4915-A11B-5A05A99A833C}.Debug|Any CPU.Build.0 = Debug|Any CPU
		{B4D9C36D-11F2-4915-A11B-5A05A99A833C}.Release|Any CPU.ActiveCfg = Release|Any CPU
		{B4D9C36D-11F2-4915-A11B-5A05A99A833C}.Release|Any CPU.Build.0 = Release|Any CPU
	EndGlobalSection
	GlobalSection(SolutionProperties) = preSolution
		HideSolutionNode = FALSE
	EndGlobalSection
	GlobalSection(ExtensibilityGlobals) = postSolution
		SolutionGuid = {FBFED963-EE90-41DA-B194-4569877EC9C0}
	EndGlobalSection
EndGlobal
