
Microsoft Visual Studio Solution File, Format Version 12.00
# Visual Studio Version 17
VisualStudioVersion = 17.13.35828.75 d17.13
MinimumVisualStudioVersion = 10.0.40219.1
Project("{FAE04EC0-301F-11D3-BF4B-00C04F79EFBC}") = "Ex001", "Ex001\Ex001.csproj", "{6E13833F-4F51-4AAD-9A69-BD812859C56F}"
EndProject
Global
	GlobalSection(SolutionConfigurationPlatforms) = preSolution
		Debug|Any CPU = Debug|Any CPU
		Release|Any CPU = Release|Any CPU
	EndGlobalSection
	GlobalSection(ProjectConfigurationPlatforms) = postSolution
		{6E13833F-4F51-4AAD-9A69-BD812859C56F}.Debug|Any CPU.ActiveCfg = Debug|Any CPU
		{6E13833F-4F51-4AAD-9A69-BD812859C56F}.Debug|Any CPU.Build.0 = Debug|Any CPU
		{6E13833F-4F51-4AAD-9A69-BD812859C56F}.Release|Any CPU.ActiveCfg = Release|Any CPU
		{6E13833F-4F51-4AAD-9A69-BD812859C56F}.Release|Any CPU.Build.0 = Release|Any CPU
	EndGlobalSection
	GlobalSection(SolutionProperties) = preSolution
		HideSolutionNode = FALSE
	EndGlobalSection
	GlobalSection(ExtensibilityGlobals) = postSolution
		SolutionGuid = {3CA939CD-282B-4744-821E-92124248FC19}
	EndGlobalSection
EndGlobal
